
Microsoft Visual Studio Solution File, Format Version 12.00
# Visual Studio Version 17
VisualStudioVersion = 17.8.34322.80
MinimumVisualStudioVersion = 10.0.40219.1
Project("{FAE04EC0-301F-11D3-BF4B-00C04F79EFBC}") = "TaiyaHirameDance", "TaiyaHirameDance\TaiyaHirameDance.csproj", "{178F4D17-4363-4B2F-BF86-2D480BB41A26}"
EndProject
Project("{FAE04EC0-301F-11D3-BF4B-00C04F79EFBC}") = "TaiyaHirameDance.Domain", "TaiyaHirameDance.Domain\TaiyaHirameDance.Domain.csproj", "{1B3050E1-8D3F-42E0-B0B8-31CC38629106}"
EndProject
Project("{FAE04EC0-301F-11D3-BF4B-00C04F79EFBC}") = "TaiyaHirameDance.ToolBox", "TaiyaHirameDance.ToolBox\TaiyaHirameDance.ToolBox.csproj", "{3C934521-0FD0-4ADC-ADD8-4B04F1791601}"
EndProject
Global
	GlobalSection(SolutionConfigurationPlatforms) = preSolution
		Debug|Any CPU = Debug|Any CPU
		Release|Any CPU = Release|Any CPU
	EndGlobalSection
	GlobalSection(ProjectConfigurationPlatforms) = postSolution
		{178F4D17-4363-4B2F-BF86-2D480BB41A26}.Debug|Any CPU.ActiveCfg = Debug|Any CPU
		{178F4D17-4363-4B2F-BF86-2D480BB41A26}.Debug|Any CPU.Build.0 = Debug|Any CPU
		{178F4D17-4363-4B2F-BF86-2D480BB41A26}.Release|Any CPU.ActiveCfg = Release|Any CPU
		{178F4D17-4363-4B2F-BF86-2D480BB41A26}.Release|Any CPU.Build.0 = Release|Any CPU
		{1B3050E1-8D3F-42E0-B0B8-31CC38629106}.Debug|Any CPU.ActiveCfg = Debug|Any CPU
		{1B3050E1-8D3F-42E0-B0B8-31CC38629106}.Debug|Any CPU.Build.0 = Debug|Any CPU
		{1B3050E1-8D3F-42E0-B0B8-31CC38629106}.Release|Any CPU.ActiveCfg = Release|Any CPU
		{1B3050E1-8D3F-42E0-B0B8-31CC38629106}.Release|Any CPU.Build.0 = Release|Any CPU
		{3C934521-0FD0-4ADC-ADD8-4B04F1791601}.Debug|Any CPU.ActiveCfg = Debug|Any CPU
		{3C934521-0FD0-4ADC-ADD8-4B04F1791601}.Debug|Any CPU.Build.0 = Debug|Any CPU
		{3C934521-0FD0-4ADC-ADD8-4B04F1791601}.Release|Any CPU.ActiveCfg = Release|Any CPU
		{3C934521-0FD0-4ADC-ADD8-4B04F1791601}.Release|Any CPU.Build.0 = Release|Any CPU
	EndGlobalSection
	GlobalSection(SolutionProperties) = preSolution
		HideSolutionNode = FALSE
	EndGlobalSection
	GlobalSection(ExtensibilityGlobals) = postSolution
		SolutionGuid = {BA152F0F-A9A4-4C5E-A237-991D16639842}
	EndGlobalSection
EndGlobal
